
Microsoft Visual Studio Solution File, Format Version 12.00
# Visual Studio Version 17
VisualStudioVersion = 17.7.34221.43
MinimumVisualStudioVersion = 10.0.40219.1
Project("{FAE04EC0-301F-11D3-BF4B-00C04F79EFBC}") = "KrasnovaEV-KT-42-20", "KrasnovaEV-KT-42-20\KrasnovaEV-KT-42-20.csproj", "{12882C6D-6668-4D53-A5B1-ECC161AC0B32}"
EndProject
Global
	GlobalSection(SolutionConfigurationPlatforms) = preSolution
		Debug|Any CPU = Debug|Any CPU
		Release|Any CPU = Release|Any CPU
	EndGlobalSection
	GlobalSection(ProjectConfigurationPlatforms) = postSolution
		{12882C6D-6668-4D53-A5B1-ECC161AC0B32}.Debug|Any CPU.ActiveCfg = Debug|Any CPU
		{12882C6D-6668-4D53-A5B1-ECC161AC0B32}.Debug|Any CPU.Build.0 = Debug|Any CPU
		{12882C6D-6668-4D53-A5B1-ECC161AC0B32}.Release|Any CPU.ActiveCfg = Release|Any CPU
		{12882C6D-6668-4D53-A5B1-ECC161AC0B32}.Release|Any CPU.Build.0 = Release|Any CPU
	EndGlobalSection
	GlobalSection(SolutionProperties) = preSolution
		HideSolutionNode = FALSE
	EndGlobalSection
	GlobalSection(ExtensibilityGlobals) = postSolution
		SolutionGuid = {34103A06-E1C4-4A65-BA3D-BBC513507326}
	EndGlobalSection
EndGlobal
